
Microsoft Visual Studio Solution File, Format Version 10.00
# Visual Studio 2008
Project("{8BC9CEB8-8B4A-11D0-8D11-00A0C91BC942}") = "ZeliskoDll", "ZeliskoDll\ZeliskoDll.vcproj", "{96D93200-43A2-4CD9-97DF-BF55544BFEE3}"
EndProject
Global
	GlobalSection(SolutionConfigurationPlatforms) = preSolution
		Debug|Windows Mobile 5.0 Pocket PC SDK (ARMV4I) = Debug|Windows Mobile 5.0 Pocket PC SDK (ARMV4I)
		Debug|Windows Mobile 6 Professional SDK (ARMV4I) = Debug|Windows Mobile 6 Professional SDK (ARMV4I)
		Debug|ZZ101337V0R0_20140129_01 (ARMv4I) = Debug|ZZ101337V0R0_20140129_01 (ARMv4I)
		Release|Windows Mobile 5.0 Pocket PC SDK (ARMV4I) = Release|Windows Mobile 5.0 Pocket PC SDK (ARMV4I)
		Release|Windows Mobile 6 Professional SDK (ARMV4I) = Release|Windows Mobile 6 Professional SDK (ARMV4I)
		Release|ZZ101337V0R0_20140129_01 (ARMv4I) = Release|ZZ101337V0R0_20140129_01 (ARMv4I)
	EndGlobalSection
	GlobalSection(ProjectConfigurationPlatforms) = postSolution
		{96D93200-43A2-4CD9-97DF-BF55544BFEE3}.Debug|Windows Mobile 5.0 Pocket PC SDK (ARMV4I).ActiveCfg = Debug|Windows Mobile 5.0 Pocket PC SDK (ARMV4I)
		{96D93200-43A2-4CD9-97DF-BF55544BFEE3}.Debug|Windows Mobile 5.0 Pocket PC SDK (ARMV4I).Build.0 = Debug|Windows Mobile 5.0 Pocket PC SDK (ARMV4I)
		{96D93200-43A2-4CD9-97DF-BF55544BFEE3}.Debug|Windows Mobile 5.0 Pocket PC SDK (ARMV4I).Deploy.0 = Debug|Windows Mobile 5.0 Pocket PC SDK (ARMV4I)
		{96D93200-43A2-4CD9-97DF-BF55544BFEE3}.Debug|Windows Mobile 6 Professional SDK (ARMV4I).ActiveCfg = Debug|Windows Mobile 5.0 Pocket PC SDK (ARMV4I)
		{96D93200-43A2-4CD9-97DF-BF55544BFEE3}.Debug|ZZ101337V0R0_20140129_01 (ARMv4I).ActiveCfg = Debug|ZZ101337V0R0_20140129_01 (ARMv4I)
		{96D93200-43A2-4CD9-97DF-BF55544BFEE3}.Debug|ZZ101337V0R0_20140129_01 (ARMv4I).Build.0 = Debug|ZZ101337V0R0_20140129_01 (ARMv4I)
		{96D93200-43A2-4CD9-97DF-BF55544BFEE3}.Debug|ZZ101337V0R0_20140129_01 (ARMv4I).Deploy.0 = Debug|ZZ101337V0R0_20140129_01 (ARMv4I)
		{96D93200-43A2-4CD9-97DF-BF55544BFEE3}.Release|Windows Mobile 5.0 Pocket PC SDK (ARMV4I).ActiveCfg = Release|Windows Mobile 5.0 Pocket PC SDK (ARMV4I)
		{96D93200-43A2-4CD9-97DF-BF55544BFEE3}.Release|Windows Mobile 5.0 Pocket PC SDK (ARMV4I).Build.0 = Release|Windows Mobile 5.0 Pocket PC SDK (ARMV4I)
		{96D93200-43A2-4CD9-97DF-BF55544BFEE3}.Release|Windows Mobile 5.0 Pocket PC SDK (ARMV4I).Deploy.0 = Release|Windows Mobile 5.0 Pocket PC SDK (ARMV4I)
		{96D93200-43A2-4CD9-97DF-BF55544BFEE3}.Release|Windows Mobile 6 Professional SDK (ARMV4I).ActiveCfg = Release|Windows Mobile 5.0 Pocket PC SDK (ARMV4I)
		{96D93200-43A2-4CD9-97DF-BF55544BFEE3}.Release|ZZ101337V0R0_20140129_01 (ARMv4I).ActiveCfg = Release|ZZ101337V0R0_20140129_01 (ARMv4I)
		{96D93200-43A2-4CD9-97DF-BF55544BFEE3}.Release|ZZ101337V0R0_20140129_01 (ARMv4I).Build.0 = Release|ZZ101337V0R0_20140129_01 (ARMv4I)
		{96D93200-43A2-4CD9-97DF-BF55544BFEE3}.Release|ZZ101337V0R0_20140129_01 (ARMv4I).Deploy.0 = Release|ZZ101337V0R0_20140129_01 (ARMv4I)
	EndGlobalSection
	GlobalSection(SolutionProperties) = preSolution
		HideSolutionNode = FALSE
	EndGlobalSection
EndGlobal
